
Microsoft Visual Studio Solution File, Format Version 12.00
# Visual Studio Version 17
VisualStudioVersion = 17.14.36518.9 d17.14
MinimumVisualStudioVersion = 10.0.40219.1
Project("{888888A0-9F3D-457C-B088-3A5042F75D52}") = "Stickman&Gun", "Stickman&Gun\Stickman&Gun.pyproj", "{9200CE7E-9F4A-4140-9A12-75F9E77B3181}"
EndProject
Global
	GlobalSection(SolutionConfigurationPlatforms) = preSolution
		Debug|Any CPU = Debug|Any CPU
		Release|Any CPU = Release|Any CPU
	EndGlobalSection
	GlobalSection(ProjectConfigurationPlatforms) = postSolution
		{9200CE7E-9F4A-4140-9A12-75F9E77B3181}.Debug|Any CPU.ActiveCfg = Debug|Any CPU
		{9200CE7E-9F4A-4140-9A12-75F9E77B3181}.Release|Any CPU.ActiveCfg = Release|Any CPU
	EndGlobalSection
	GlobalSection(SolutionProperties) = preSolution
		HideSolutionNode = FALSE
	EndGlobalSection
	GlobalSection(ExtensibilityGlobals) = postSolution
		SolutionGuid = {0BDD39A3-9074-4562-B014-53F25E0983B7}
	EndGlobalSection
EndGlobal
